
Microsoft Visual Studio Solution File, Format Version 12.00
# Visual Studio Version 17
VisualStudioVersion = 17.3.32825.248
MinimumVisualStudioVersion = 10.0.40219.1
Project("{FAE04EC0-301F-11D3-BF4B-00C04F79EFBC}") = "FastFolderOpener", "FastFolderOpener\FastFolderOpener.csproj", "{D3026B05-CE21-4B5E-83F4-8C96AC971ACD}"
EndProject
Global
	GlobalSection(SolutionConfigurationPlatforms) = preSolution
		Debug|Any CPU = Debug|Any CPU
		Release|Any CPU = Release|Any CPU
	EndGlobalSection
	GlobalSection(ProjectConfigurationPlatforms) = postSolution
		{D3026B05-CE21-4B5E-83F4-8C96AC971ACD}.Debug|Any CPU.ActiveCfg = Debug|Any CPU
		{D3026B05-CE21-4B5E-83F4-8C96AC971ACD}.Debug|Any CPU.Build.0 = Debug|Any CPU
		{D3026B05-CE21-4B5E-83F4-8C96AC971ACD}.Release|Any CPU.ActiveCfg = Release|Any CPU
		{D3026B05-CE21-4B5E-83F4-8C96AC971ACD}.Release|Any CPU.Build.0 = Release|Any CPU
	EndGlobalSection
	GlobalSection(SolutionProperties) = preSolution
		HideSolutionNode = FALSE
	EndGlobalSection
	GlobalSection(ExtensibilityGlobals) = postSolution
		SolutionGuid = {88165C48-0221-44C5-8392-9F07D75A00AC}
	EndGlobalSection
EndGlobal
